{
  "name": "mibclient",
  "version": "1.0.0",
  "lockfileVersion": 1,
  "requires": true,
  "dependencies": {
    "asn1-ber": {
      "version": "1.0.1",
      "resolved": "https://registry.npmjs.org/asn1-ber/-/asn1-ber-1.0.1.tgz",
      "integrity": "sha512-tMmMBpZFbrQmUb++9ivvzLQ1X+k9koPKNgb0YRN/aC4FQD+z6lO/R+BXiCj/pcELxPYSlNkzDK7tt8k7OK376Q=="
    },
    "net-snmp": {
      "version": "1.2.0",
      "resolved": "https://registry.npmjs.org/net-snmp/-/net-snmp-1.2.0.tgz",
      "integrity": "sha512-+nvZeCLsB+5jxV/l09GSoD3s5rlcb+p+BXhaGLI2EhDtJBLjLjxUelUCyt36umecBVhc3yQXtDRPoAh9kLrA5g==",
      "requires": {
        "asn1-ber": "1.0.1"
      }
    }
  }
}
